
Microsoft Visual Studio Solution File, Format Version 12.00
# Visual Studio Version 17
VisualStudioVersion = 17.5.002.0
MinimumVisualStudioVersion = 10.0.40219.1
Project("{9A19103F-16F7-4668-BE54-9A1E7A4F7556}") = "MCLI", "MCLI.csproj", "{8EDFC855-DAB3-4ECE-A9A9-75DC70FF5D8F}"
EndProject
Global
	GlobalSection(SolutionConfigurationPlatforms) = preSolution
		Debug|Any CPU = Debug|Any CPU
		Release|Any CPU = Release|Any CPU
	EndGlobalSection
	GlobalSection(ProjectConfigurationPlatforms) = postSolution
		{8EDFC855-DAB3-4ECE-A9A9-75DC70FF5D8F}.Debug|Any CPU.ActiveCfg = Debug|Any CPU
		{8EDFC855-DAB3-4ECE-A9A9-75DC70FF5D8F}.Debug|Any CPU.Build.0 = Debug|Any CPU
		{8EDFC855-DAB3-4ECE-A9A9-75DC70FF5D8F}.Release|Any CPU.ActiveCfg = Release|Any CPU
		{8EDFC855-DAB3-4ECE-A9A9-75DC70FF5D8F}.Release|Any CPU.Build.0 = Release|Any CPU
	EndGlobalSection
	GlobalSection(SolutionProperties) = preSolution
		HideSolutionNode = FALSE
	EndGlobalSection
	GlobalSection(ExtensibilityGlobals) = postSolution
		SolutionGuid = {2A9E284E-1862-4032-ACD9-81EAB8286C3F}
	EndGlobalSection
EndGlobal
